
Microsoft Visual Studio Solution File, Format Version 12.00
# Visual Studio Version 17
VisualStudioVersion = 17.14.36518.9 d17.14
MinimumVisualStudioVersion = 10.0.40219.1
Project("{FAE04EC0-301F-11D3-BF4B-00C04F79EFBC}") = "7adarny.API", "7adarny.API\7adarny.API.csproj", "{4F6A0854-6B5A-4ABA-9C4D-47A665A26087}"
EndProject
Global
	GlobalSection(SolutionConfigurationPlatforms) = preSolution
		Debug|Any CPU = Debug|Any CPU
		Release|Any CPU = Release|Any CPU
	EndGlobalSection
	GlobalSection(ProjectConfigurationPlatforms) = postSolution
		{4F6A0854-6B5A-4ABA-9C4D-47A665A26087}.Debug|Any CPU.ActiveCfg = Debug|Any CPU
		{4F6A0854-6B5A-4ABA-9C4D-47A665A26087}.Debug|Any CPU.Build.0 = Debug|Any CPU
		{4F6A0854-6B5A-4ABA-9C4D-47A665A26087}.Release|Any CPU.ActiveCfg = Release|Any CPU
		{4F6A0854-6B5A-4ABA-9C4D-47A665A26087}.Release|Any CPU.Build.0 = Release|Any CPU
	EndGlobalSection
	GlobalSection(SolutionProperties) = preSolution
		HideSolutionNode = FALSE
	EndGlobalSection
	GlobalSection(ExtensibilityGlobals) = postSolution
		SolutionGuid = {E26D152F-8931-41A1-A39C-8E7B8CDFFD27}
	EndGlobalSection
EndGlobal
